// !$*UTF8*$!
{
	archiveVersion = 1;
	classes = {
	};
	objectVersion = 56;
	objects = {

/* Begin PBXBuildFile section */
		17738E622C3F957800093D89 /* SwiftfulUI in Frameworks */ = {isa = PBXBuildFile; productRef = 17738E612C3F957800093D89 /* SwiftfulUI */; };
		17738E662C3F9A8100093D89 /* SwiftfulUI.swift in Sources */ = {isa = PBXBuildFile; fileRef = 17738E652C3F9A8100093D89 /* SwiftfulUI.swift */; };
		17738E692C3F9EB200093D89 /* SwiftfulRouting in Frameworks */ = {isa = PBXBuildFile; productRef = 17738E682C3F9EB200093D89 /* SwiftfulRouting */; };
		17738E6C2C3FA28A00093D89 /* Lottie in Frameworks */ = {isa = PBXBuildFile; productRef = 17738E6B2C3FA28A00093D89 /* Lottie */; };
		17738E6F2C3FA3A800093D89 /* SwiftfulRouting.swift in Sources */ = {isa = PBXBuildFile; fileRef = 17738E6E2C3FA3A800093D89 /* SwiftfulRouting.swift */; };
		17738E732C3FA44C00093D89 /* Lottie.swift in Sources */ = {isa = PBXBuildFile; fileRef = 17738E722C3FA44C00093D89 /* Lottie.swift */; };
		17738E752C3FA48100093D89 /* StarAnimation.json in Resources */ = {isa = PBXBuildFile; fileRef = 17738E742C3FA48100093D89 /* StarAnimation.json */; };
		17738E772C3FA57C00093D89 /* Lottie Lego.json in Resources */ = {isa = PBXBuildFile; fileRef = 17738E762C3FA57C00093D89 /* Lottie Lego.json */; };
		17A3B8D52C3EAE800003C087 /* SwiftuiSPMsAndSDKsApp.swift in Sources */ = {isa = PBXBuildFile; fileRef = 17A3B8D42C3EAE800003C087 /* SwiftuiSPMsAndSDKsApp.swift */; };
		17A3B8D72C3EAE800003C087 /* ContentView.swift in Sources */ = {isa = PBXBuildFile; fileRef = 17A3B8D62C3EAE800003C087 /* ContentView.swift */; };
		17A3B8D92C3EAE820003C087 /* Assets.xcassets in Resources */ = {isa = PBXBuildFile; fileRef = 17A3B8D82C3EAE820003C087 /* Assets.xcassets */; };
		17A3B8DC2C3EAE820003C087 /* Preview Assets.xcassets in Resources */ = {isa = PBXBuildFile; fileRef = 17A3B8DB2C3EAE820003C087 /* Preview Assets.xcassets */; };
		17A3B8E42C3EAF600003C087 /* SDWebImageSwiftUI in Frameworks */ = {isa = PBXBuildFile; productRef = 17A3B8E32C3EAF600003C087 /* SDWebImageSwiftUI */; };
		17A3B8EC2C3EB0410003C087 /* SDWebImages.swift in Sources */ = {isa = PBXBuildFile; fileRef = 17A3B8EB2C3EB0410003C087 /* SDWebImages.swift */; };
		17A3B8F22C3EBF830003C087 /* ImageLoader.swift in Sources */ = {isa = PBXBuildFile; fileRef = 17A3B8F12C3EBF830003C087 /* ImageLoader.swift */; };
		17A3B8F42C3EBF970003C087 /* ImagePrefetcher.swift in Sources */ = {isa = PBXBuildFile; fileRef = 17A3B8F32C3EBF970003C087 /* ImagePrefetcher.swift */; };
		17A3B8F82C3EC1E60003C087 /* Kingfisher.swift in Sources */ = {isa = PBXBuildFile; fileRef = 17A3B8F72C3EC1E60003C087 /* Kingfisher.swift */; };
		17A3B8FB2C3EC2780003C087 /* Kingfisher in Frameworks */ = {isa = PBXBuildFile; productRef = 17A3B8FA2C3EC2780003C087 /* Kingfisher */; };
		17A3B9012C3EE5AB0003C087 /* KeychainSwift in Frameworks */ = {isa = PBXBuildFile; productRef = 17A3B9002C3EE5AB0003C087 /* KeychainSwift */; };
		17A3B9032C3EEC230003C087 /* KeychainsSwift.swift in Sources */ = {isa = PBXBuildFile; fileRef = 17A3B9022C3EEC230003C087 /* KeychainsSwift.swift */; };
/* End PBXBuildFile section */

/* Begin PBXFileReference section */
		17738E652C3F9A8100093D89 /* SwiftfulUI.swift */ = {isa = PBXFileReference; lastKnownFileType = sourcecode.swift; path = SwiftfulUI.swift; sourceTree = "<group>"; };
		17738E6E2C3FA3A800093D89 /* SwiftfulRouting.swift */ = {isa = PBXFileReference; lastKnownFileType = sourcecode.swift; path = SwiftfulRouting.swift; sourceTree = "<group>"; };
		17738E722C3FA44C00093D89 /* Lottie.swift */ = {isa = PBXFileReference; lastKnownFileType = sourcecode.swift; path = Lottie.swift; sourceTree = "<group>"; };
		17738E742C3FA48100093D89 /* StarAnimation.json */ = {isa = PBXFileReference; fileEncoding = 4; lastKnownFileType = text.json; path = StarAnimation.json; sourceTree = "<group>"; };
		17738E762C3FA57C00093D89 /* Lottie Lego.json */ = {isa = PBXFileReference; fileEncoding = 4; lastKnownFileType = text.json; path = "Lottie Lego.json"; sourceTree = "<group>"; };
		17A3B8D12C3EAE800003C087 /* SwiftuiSPMsAndSDKs.app */ = {isa = PBXFileReference; explicitFileType = wrapper.application; includeInIndex = 0; path = SwiftuiSPMsAndSDKs.app; sourceTree = BUILT_PRODUCTS_DIR; };
		17A3B8D42C3EAE800003C087 /* SwiftuiSPMsAndSDKsApp.swift */ = {isa = PBXFileReference; lastKnownFileType = sourcecode.swift; path = SwiftuiSPMsAndSDKsApp.swift; sourceTree = "<group>"; };
		17A3B8D62C3EAE800003C087 /* ContentView.swift */ = {isa = PBXFileReference; lastKnownFileType = sourcecode.swift; path = ContentView.swift; sourceTree = "<group>"; };
		17A3B8D82C3EAE820003C087 /* Assets.xcassets */ = {isa = PBXFileReference; lastKnownFileType = folder.assetcatalog; path = Assets.xcassets; sourceTree = "<group>"; };
		17A3B8DB2C3EAE820003C087 /* Preview Assets.xcassets */ = {isa = PBXFileReference; lastKnownFileType = folder.assetcatalog; path = "Preview Assets.xcassets"; sourceTree = "<group>"; };
		17A3B8EB2C3EB0410003C087 /* SDWebImages.swift */ = {isa = PBXFileReference; lastKnownFileType = sourcecode.swift; path = SDWebImages.swift; sourceTree = "<group>"; };
		17A3B8F12C3EBF830003C087 /* ImageLoader.swift */ = {isa = PBXFileReference; lastKnownFileType = sourcecode.swift; path = ImageLoader.swift; sourceTree = "<group>"; };
		17A3B8F32C3EBF970003C087 /* ImagePrefetcher.swift */ = {isa = PBXFileReference; lastKnownFileType = sourcecode.swift; path = ImagePrefetcher.swift; sourceTree = "<group>"; };
		17A3B8F72C3EC1E60003C087 /* Kingfisher.swift */ = {isa = PBXFileReference; lastKnownFileType = sourcecode.swift; path = Kingfisher.swift; sourceTree = "<group>"; };
		17A3B9022C3EEC230003C087 /* KeychainsSwift.swift */ = {isa = PBXFileReference; lastKnownFileType = sourcecode.swift; path = KeychainsSwift.swift; sourceTree = "<group>"; };
/* End PBXFileReference section */

/* Begin PBXFrameworksBuildPhase section */
		17A3B8CE2C3EAE800003C087 /* Frameworks */ = {
			isa = PBXFrameworksBuildPhase;
			buildActionMask = 2147483647;
			files = (
				17738E622C3F957800093D89 /* SwiftfulUI in Frameworks */,
				17A3B8FB2C3EC2780003C087 /* Kingfisher in Frameworks */,
				17A3B9012C3EE5AB0003C087 /* KeychainSwift in Frameworks */,
				17A3B8E42C3EAF600003C087 /* SDWebImageSwiftUI in Frameworks */,
				17738E692C3F9EB200093D89 /* SwiftfulRouting in Frameworks */,
				17738E6C2C3FA28A00093D89 /* Lottie in Frameworks */,
			);
			runOnlyForDeploymentPostprocessing = 0;
		};
/* End PBXFrameworksBuildPhase section */

/* Begin PBXGroup section */
		17738E5F2C3F94F600093D89 /* UIHelpers */ = {
			isa = PBXGroup;
			children = (
				17738E652C3F9A8100093D89 /* SwiftfulUI.swift */,
			);
			path = UIHelpers;
			sourceTree = "<group>";
		};
		17738E6D2C3FA38B00093D89 /* Routing */ = {
			isa = PBXGroup;
			children = (
				17738E6E2C3FA3A800093D89 /* SwiftfulRouting.swift */,
			);
			path = Routing;
			sourceTree = "<group>";
		};
		17738E712C3FA43200093D89 /* Animations */ = {
			isa = PBXGroup;
			children = (
				17738E722C3FA44C00093D89 /* Lottie.swift */,
				17738E762C3FA57C00093D89 /* Lottie Lego.json */,
				17738E742C3FA48100093D89 /* StarAnimation.json */,
			);
			path = Animations;
			sourceTree = "<group>";
		};
		17A3B8C82C3EAE800003C087 = {
			isa = PBXGroup;
			children = (
				17A3B8D32C3EAE800003C087 /* SwiftuiSPMsAndSDKs */,
				17A3B8D22C3EAE800003C087 /* Products */,
			);
			sourceTree = "<group>";
		};
		17A3B8D22C3EAE800003C087 /* Products */ = {
			isa = PBXGroup;
			children = (
				17A3B8D12C3EAE800003C087 /* SwiftuiSPMsAndSDKs.app */,
			);
			name = Products;
			sourceTree = "<group>";
		};
		17A3B8D32C3EAE800003C087 /* SwiftuiSPMsAndSDKs */ = {
			isa = PBXGroup;
			children = (
				17A3B8D42C3EAE800003C087 /* SwiftuiSPMsAndSDKsApp.swift */,
				17A3B8D62C3EAE800003C087 /* ContentView.swift */,
				17738E712C3FA43200093D89 /* Animations */,
				17738E6D2C3FA38B00093D89 /* Routing */,
				17738E5F2C3F94F600093D89 /* UIHelpers */,
				17A3B8FC2C3EE44E0003C087 /* Keychains */,
				17A3B8ED2C3EBEE10003C087 /* ImageLoading */,
				17A3B8D82C3EAE820003C087 /* Assets.xcassets */,
				17A3B8DA2C3EAE820003C087 /* Preview Content */,
			);
			path = SwiftuiSPMsAndSDKs;
			sourceTree = "<group>";
		};
		17A3B8DA2C3EAE820003C087 /* Preview Content */ = {
			isa = PBXGroup;
			children = (
				17A3B8DB2C3EAE820003C087 /* Preview Assets.xcassets */,
			);
			path = "Preview Content";
			sourceTree = "<group>";
		};
		17A3B8ED2C3EBEE10003C087 /* ImageLoading */ = {
			isa = PBXGroup;
			children = (
				17A3B8EE2C3EBEF20003C087 /* Generic */,
				17A3B8F02C3EBF080003C087 /* SPMs */,
			);
			path = ImageLoading;
			sourceTree = "<group>";
		};
		17A3B8EE2C3EBEF20003C087 /* Generic */ = {
			isa = PBXGroup;
			children = (
				17A3B8F12C3EBF830003C087 /* ImageLoader.swift */,
				17A3B8F32C3EBF970003C087 /* ImagePrefetcher.swift */,
			);
			path = Generic;
			sourceTree = "<group>";
		};
		17A3B8F02C3EBF080003C087 /* SPMs */ = {
			isa = PBXGroup;
			children = (
				17A3B8EB2C3EB0410003C087 /* SDWebImages.swift */,
				17A3B8F72C3EC1E60003C087 /* Kingfisher.swift */,
			);
			path = SPMs;
			sourceTree = "<group>";
		};
		17A3B8FC2C3EE44E0003C087 /* Keychains */ = {
			isa = PBXGroup;
			children = (
				17A3B9022C3EEC230003C087 /* KeychainsSwift.swift */,
			);
			path = Keychains;
			sourceTree = "<group>";
		};
/* End PBXGroup section */

/* Begin PBXNativeTarget section */
		17A3B8D02C3EAE800003C087 /* SwiftuiSPMsAndSDKs */ = {
			isa = PBXNativeTarget;
			buildConfigurationList = 17A3B8DF2C3EAE820003C087 /* Build configuration list for PBXNativeTarget "SwiftuiSPMsAndSDKs" */;
			buildPhases = (
				17A3B8CD2C3EAE800003C087 /* Sources */,
				17A3B8CE2C3EAE800003C087 /* Frameworks */,
				17A3B8CF2C3EAE800003C087 /* Resources */,
			);
			buildRules = (
			);
			dependencies = (
			);
			name = SwiftuiSPMsAndSDKs;
			packageProductDependencies = (
				17A3B8E32C3EAF600003C087 /* SDWebImageSwiftUI */,
				17A3B8FA2C3EC2780003C087 /* Kingfisher */,
				17A3B9002C3EE5AB0003C087 /* KeychainSwift */,
				17738E612C3F957800093D89 /* SwiftfulUI */,
				17738E682C3F9EB200093D89 /* SwiftfulRouting */,
				17738E6B2C3FA28A00093D89 /* Lottie */,
			);
			productName = SwiftuiSPMsAndSDKs;
			productReference = 17A3B8D12C3EAE800003C087 /* SwiftuiSPMsAndSDKs.app */;
			productType = "com.apple.product-type.application";
		};
/* End PBXNativeTarget section */

/* Begin PBXProject section */
		17A3B8C92C3EAE800003C087 /* Project object */ = {
			isa = PBXProject;
			attributes = {
				BuildIndependentTargetsInParallel = 1;
				LastSwiftUpdateCheck = 1540;
				LastUpgradeCheck = 1540;
				TargetAttributes = {
					17A3B8D02C3EAE800003C087 = {
						CreatedOnToolsVersion = 15.4;
					};
				};
			};
			buildConfigurationList = 17A3B8CC2C3EAE800003C087 /* Build configuration list for PBXProject "SwiftuiSPMsAndSDKs" */;
			compatibilityVersion = "Xcode 14.0";
			developmentRegion = en;
			hasScannedForEncodings = 0;
			knownRegions = (
				en,
				Base,
			);
			mainGroup = 17A3B8C82C3EAE800003C087;
			packageReferences = (
				17A3B8E22C3EAF600003C087 /* XCRemoteSwiftPackageReference "SDWebImageSwiftUI" */,
				17A3B8F92C3EC2770003C087 /* XCRemoteSwiftPackageReference "Kingfisher" */,
				17A3B8FF2C3EE5AB0003C087 /* XCRemoteSwiftPackageReference "keychain-swift" */,
				17738E602C3F957800093D89 /* XCRemoteSwiftPackageReference "SwiftfulUI" */,
				17738E672C3F9EB200093D89 /* XCRemoteSwiftPackageReference "SwiftfulRouting" */,
				17738E6A2C3FA28A00093D89 /* XCRemoteSwiftPackageReference "lottie-ios" */,
			);
			productRefGroup = 17A3B8D22C3EAE800003C087 /* Products */;
			projectDirPath = "";
			projectRoot = "";
			targets = (
				17A3B8D02C3EAE800003C087 /* SwiftuiSPMsAndSDKs */,
			);
		};
/* End PBXProject section */

/* Begin PBXResourcesBuildPhase section */
		17A3B8CF2C3EAE800003C087 /* Resources */ = {
			isa = PBXResourcesBuildPhase;
			buildActionMask = 2147483647;
			files = (
				17738E772C3FA57C00093D89 /* Lottie Lego.json in Resources */,
				17738E752C3FA48100093D89 /* StarAnimation.json in Resources */,
				17A3B8DC2C3EAE820003C087 /* Preview Assets.xcassets in Resources */,
				17A3B8D92C3EAE820003C087 /* Assets.xcassets in Resources */,
			);
			runOnlyForDeploymentPostprocessing = 0;
		};
/* End PBXResourcesBuildPhase section */

/* Begin PBXSourcesBuildPhase section */
		17A3B8CD2C3EAE800003C087 /* Sources */ = {
			isa = PBXSourcesBuildPhase;
			buildActionMask = 2147483647;
			files = (
				17738E732C3FA44C00093D89 /* Lottie.swift in Sources */,
				17A3B8D72C3EAE800003C087 /* ContentView.swift in Sources */,
				17A3B8D52C3EAE800003C087 /* SwiftuiSPMsAndSDKsApp.swift in Sources */,
				17A3B8F22C3EBF830003C087 /* ImageLoader.swift in Sources */,
				17738E6F2C3FA3A800093D89 /* SwiftfulRouting.swift in Sources */,
				17A3B8F82C3EC1E60003C087 /* Kingfisher.swift in Sources */,
				17A3B8F42C3EBF970003C087 /* ImagePrefetcher.swift in Sources */,
				17738E662C3F9A8100093D89 /* SwiftfulUI.swift in Sources */,
				17A3B9032C3EEC230003C087 /* KeychainsSwift.swift in Sources */,
				17A3B8EC2C3EB0410003C087 /* SDWebImages.swift in Sources */,
			);
			runOnlyForDeploymentPostprocessing = 0;
		};
/* End PBXSourcesBuildPhase section */

/* Begin XCBuildConfiguration section */
		17A3B8DD2C3EAE820003C087 /* Debug */ = {
			isa = XCBuildConfiguration;
			buildSettings = {
				ALWAYS_SEARCH_USER_PATHS = NO;
				ASSETCATALOG_COMPILER_GENERATE_SWIFT_ASSET_SYMBOL_EXTENSIONS = YES;
				CLANG_ANALYZER_NONNULL = YES;
				CLANG_ANALYZER_NUMBER_OBJECT_CONVERSION = YES_AGGRESSIVE;
				CLANG_CXX_LANGUAGE_STANDARD = "gnu++20";
				CLANG_ENABLE_MODULES = YES;
				CLANG_ENABLE_OBJC_ARC = YES;
				CLANG_ENABLE_OBJC_WEAK = YES;
				CLANG_WARN_BLOCK_CAPTURE_AUTORELEASING = YES;
				CLANG_WARN_BOOL_CONVERSION = YES;
				CLANG_WARN_COMMA = YES;
				CLANG_WARN_CONSTANT_CONVERSION = YES;
				CLANG_WARN_DEPRECATED_OBJC_IMPLEMENTATIONS = YES;
				CLANG_WARN_DIRECT_OBJC_ISA_USAGE = YES_ERROR;
				CLANG_WARN_DOCUMENTATION_COMMENTS = YES;
				CLANG_WARN_EMPTY_BODY = YES;
				CLANG_WARN_ENUM_CONVERSION = YES;
				CLANG_WARN_INFINITE_RECURSION = YES;
				CLANG_WARN_INT_CONVERSION = YES;
				CLANG_WARN_NON_LITERAL_NULL_CONVERSION = YES;
				CLANG_WARN_OBJC_IMPLICIT_RETAIN_SELF = YES;
				CLANG_WARN_OBJC_LITERAL_CONVERSION = YES;
				CLANG_WARN_OBJC_ROOT_CLASS = YES_ERROR;
				CLANG_WARN_QUOTED_INCLUDE_IN_FRAMEWORK_HEADER = YES;
				CLANG_WARN_RANGE_LOOP_ANALYSIS = YES;
				CLANG_WARN_STRICT_PROTOTYPES = YES;
				CLANG_WARN_SUSPICIOUS_MOVE = YES;
				CLANG_WARN_UNGUARDED_AVAILABILITY = YES_AGGRESSIVE;
				CLANG_WARN_UNREACHABLE_CODE = YES;
				CLANG_WARN__DUPLICATE_METHOD_MATCH = YES;
				COPY_PHASE_STRIP = NO;
				DEBUG_INFORMATION_FORMAT = dwarf;
				ENABLE_STRICT_OBJC_MSGSEND = YES;
				ENABLE_TESTABILITY = YES;
				ENABLE_USER_SCRIPT_SANDBOXING = YES;
				GCC_C_LANGUAGE_STANDARD = gnu17;
				GCC_DYNAMIC_NO_PIC = NO;
				GCC_NO_COMMON_BLOCKS = YES;
				GCC_OPTIMIZATION_LEVEL = 0;
				GCC_PREPROCESSOR_DEFINITIONS = (
					"DEBUG=1",
					"$(inherited)",
				);
				GCC_WARN_64_TO_32_BIT_CONVERSION = YES;
				GCC_WARN_ABOUT_RETURN_TYPE = YES_ERROR;
				GCC_WARN_UNDECLARED_SELECTOR = YES;
				GCC_WARN_UNINITIALIZED_AUTOS = YES_AGGRESSIVE;
				GCC_WARN_UNUSED_FUNCTION = YES;
				GCC_WARN_UNUSED_VARIABLE = YES;
				IPHONEOS_DEPLOYMENT_TARGET = 17.5;
				LOCALIZATION_PREFERS_STRING_CATALOGS = YES;
				MTL_ENABLE_DEBUG_INFO = INCLUDE_SOURCE;
				MTL_FAST_MATH = YES;
				ONLY_ACTIVE_ARCH = YES;
				SDKROOT = iphoneos;
				SWIFT_ACTIVE_COMPILATION_CONDITIONS = "DEBUG $(inherited)";
				SWIFT_OPTIMIZATION_LEVEL = "-Onone";
			};
			name = Debug;
		};
		17A3B8DE2C3EAE820003C087 /* Release */ = {
			isa = XCBuildConfiguration;
			buildSettings = {
				ALWAYS_SEARCH_USER_PATHS = NO;
				ASSETCATALOG_COMPILER_GENERATE_SWIFT_ASSET_SYMBOL_EXTENSIONS = YES;
				CLANG_ANALYZER_NONNULL = YES;
				CLANG_ANALYZER_NUMBER_OBJECT_CONVERSION = YES_AGGRESSIVE;
				CLANG_CXX_LANGUAGE_STANDARD = "gnu++20";
				CLANG_ENABLE_MODULES = YES;
				CLANG_ENABLE_OBJC_ARC = YES;
				CLANG_ENABLE_OBJC_WEAK = YES;
				CLANG_WARN_BLOCK_CAPTURE_AUTORELEASING = YES;
				CLANG_WARN_BOOL_CONVERSION = YES;
				CLANG_WARN_COMMA = YES;
				CLANG_WARN_CONSTANT_CONVERSION = YES;
				CLANG_WARN_DEPRECATED_OBJC_IMPLEMENTATIONS = YES;
				CLANG_WARN_DIRECT_OBJC_ISA_USAGE = YES_ERROR;
				CLANG_WARN_DOCUMENTATION_COMMENTS = YES;
				CLANG_WARN_EMPTY_BODY = YES;
				CLANG_WARN_ENUM_CONVERSION = YES;
				CLANG_WARN_INFINITE_RECURSION = YES;
				CLANG_WARN_INT_CONVERSION = YES;
				CLANG_WARN_NON_LITERAL_NULL_CONVERSION = YES;
				CLANG_WARN_OBJC_IMPLICIT_RETAIN_SELF = YES;
				CLANG_WARN_OBJC_LITERAL_CONVERSION = YES;
				CLANG_WARN_OBJC_ROOT_CLASS = YES_ERROR;
				CLANG_WARN_QUOTED_INCLUDE_IN_FRAMEWORK_HEADER = YES;
				CLANG_WARN_RANGE_LOOP_ANALYSIS = YES;
				CLANG_WARN_STRICT_PROTOTYPES = YES;
				CLANG_WARN_SUSPICIOUS_MOVE = YES;
				CLANG_WARN_UNGUARDED_AVAILABILITY = YES_AGGRESSIVE;
				CLANG_WARN_UNREACHABLE_CODE = YES;
				CLANG_WARN__DUPLICATE_METHOD_MATCH = YES;
				COPY_PHASE_STRIP = NO;
				DEBUG_INFORMATION_FORMAT = "dwarf-with-dsym";
				ENABLE_NS_ASSERTIONS = NO;
				ENABLE_STRICT_OBJC_MSGSEND = YES;
				ENABLE_USER_SCRIPT_SANDBOXING = YES;
				GCC_C_LANGUAGE_STANDARD = gnu17;
				GCC_NO_COMMON_BLOCKS = YES;
				GCC_WARN_64_TO_32_BIT_CONVERSION = YES;
				GCC_WARN_ABOUT_RETURN_TYPE = YES_ERROR;
				GCC_WARN_UNDECLARED_SELECTOR = YES;
				GCC_WARN_UNINITIALIZED_AUTOS = YES_AGGRESSIVE;
				GCC_WARN_UNUSED_FUNCTION = YES;
				GCC_WARN_UNUSED_VARIABLE = YES;
				IPHONEOS_DEPLOYMENT_TARGET = 17.5;
				LOCALIZATION_PREFERS_STRING_CATALOGS = YES;
				MTL_ENABLE_DEBUG_INFO = NO;
				MTL_FAST_MATH = YES;
				SDKROOT = iphoneos;
				SWIFT_COMPILATION_MODE = wholemodule;
				VALIDATE_PRODUCT = YES;
			};
			name = Release;
		};
		17A3B8E02C3EAE820003C087 /* Debug */ = {
			isa = XCBuildConfiguration;
			buildSettings = {
				ASSETCATALOG_COMPILER_APPICON_NAME = AppIcon;
				ASSETCATALOG_COMPILER_GLOBAL_ACCENT_COLOR_NAME = AccentColor;
				CODE_SIGN_STYLE = Automatic;
				CURRENT_PROJECT_VERSION = 1;
				DEVELOPMENT_ASSET_PATHS = "\"SwiftuiSPMsAndSDKs/Preview Content\"";
				DEVELOPMENT_TEAM = YGV79PUX4G;
				ENABLE_PREVIEWS = YES;
				GENERATE_INFOPLIST_FILE = YES;
				INFOPLIST_KEY_UIApplicationSceneManifest_Generation = YES;
				INFOPLIST_KEY_UIApplicationSupportsIndirectInputEvents = YES;
				INFOPLIST_KEY_UILaunchScreen_Generation = YES;
				INFOPLIST_KEY_UISupportedInterfaceOrientations_iPad = "UIInterfaceOrientationPortrait UIInterfaceOrientationPortraitUpsideDown UIInterfaceOrientationLandscapeLeft UIInterfaceOrientationLandscapeRight";
				INFOPLIST_KEY_UISupportedInterfaceOrientations_iPhone = "UIInterfaceOrientationPortrait UIInterfaceOrientationLandscapeLeft UIInterfaceOrientationLandscapeRight";
				LD_RUNPATH_SEARCH_PATHS = (
					"$(inherited)",
					"@executable_path/Frameworks",
				);
				MARKETING_VERSION = 1.0;
				PRODUCT_BUNDLE_IDENTIFIER = com.kritchanat.SwiftuiSPMsAndSDKs;
				PRODUCT_NAME = "$(TARGET_NAME)";
				SWIFT_EMIT_LOC_STRINGS = YES;
				SWIFT_VERSION = 5.0;
				TARGETED_DEVICE_FAMILY = "1,2";
			};
			name = Debug;
		};
		17A3B8E12C3EAE820003C087 /* Release */ = {
			isa = XCBuildConfiguration;
			buildSettings = {
				ASSETCATALOG_COMPILER_APPICON_NAME = AppIcon;
				ASSETCATALOG_COMPILER_GLOBAL_ACCENT_COLOR_NAME = AccentColor;
				CODE_SIGN_STYLE = Automatic;
				CURRENT_PROJECT_VERSION = 1;
				DEVELOPMENT_ASSET_PATHS = "\"SwiftuiSPMsAndSDKs/Preview Content\"";
				DEVELOPMENT_TEAM = YGV79PUX4G;
				ENABLE_PREVIEWS = YES;
				GENERATE_INFOPLIST_FILE = YES;
				INFOPLIST_KEY_UIApplicationSceneManifest_Generation = YES;
				INFOPLIST_KEY_UIApplicationSupportsIndirectInputEvents = YES;
				INFOPLIST_KEY_UILaunchScreen_Generation = YES;
				INFOPLIST_KEY_UISupportedInterfaceOrientations_iPad = "UIInterfaceOrientationPortrait UIInterfaceOrientationPortraitUpsideDown UIInterfaceOrientationLandscapeLeft UIInterfaceOrientationLandscapeRight";
				INFOPLIST_KEY_UISupportedInterfaceOrientations_iPhone = "UIInterfaceOrientationPortrait UIInterfaceOrientationLandscapeLeft UIInterfaceOrientationLandscapeRight";
				LD_RUNPATH_SEARCH_PATHS = (
					"$(inherited)",
					"@executable_path/Frameworks",
				);
				MARKETING_VERSION = 1.0;
				PRODUCT_BUNDLE_IDENTIFIER = com.kritchanat.SwiftuiSPMsAndSDKs;
				PRODUCT_NAME = "$(TARGET_NAME)";
				SWIFT_EMIT_LOC_STRINGS = YES;
				SWIFT_VERSION = 5.0;
				TARGETED_DEVICE_FAMILY = "1,2";
			};
			name = Release;
		};
/* End XCBuildConfiguration section */

/* Begin XCConfigurationList section */
		17A3B8CC2C3EAE800003C087 /* Build configuration list for PBXProject "SwiftuiSPMsAndSDKs" */ = {
			isa = XCConfigurationList;
			buildConfigurations = (
				17A3B8DD2C3EAE820003C087 /* Debug */,
				17A3B8DE2C3EAE820003C087 /* Release */,
			);
			defaultConfigurationIsVisible = 0;
			defaultConfigurationName = Release;
		};
		17A3B8DF2C3EAE820003C087 /* Build configuration list for PBXNativeTarget "SwiftuiSPMsAndSDKs" */ = {
			isa = XCConfigurationList;
			buildConfigurations = (
				17A3B8E02C3EAE820003C087 /* Debug */,
				17A3B8E12C3EAE820003C087 /* Release */,
			);
			defaultConfigurationIsVisible = 0;
			defaultConfigurationName = Release;
		};
/* End XCConfigurationList section */

/* Begin XCRemoteSwiftPackageReference section */
		17738E602C3F957800093D89 /* XCRemoteSwiftPackageReference "SwiftfulUI" */ = {
			isa = XCRemoteSwiftPackageReference;
			repositoryURL = "https://github.com/SwiftfulThinking/SwiftfulUI.git";
			requirement = {
				kind = upToNextMajorVersion;
				minimumVersion = 1.2.0;
			};
		};
		17738E672C3F9EB200093D89 /* XCRemoteSwiftPackageReference "SwiftfulRouting" */ = {
			isa = XCRemoteSwiftPackageReference;
			repositoryURL = "https://github.com/SwiftfulThinking/SwiftfulRouting.git";
			requirement = {
				kind = upToNextMajorVersion;
				minimumVersion = 5.3.5;
			};
		};
		17738E6A2C3FA28A00093D89 /* XCRemoteSwiftPackageReference "lottie-ios" */ = {
			isa = XCRemoteSwiftPackageReference;
			repositoryURL = "https://github.com/airbnb/lottie-ios.git";
			requirement = {
				kind = upToNextMajorVersion;
				minimumVersion = 4.5.0;
			};
		};
		17A3B8E22C3EAF600003C087 /* XCRemoteSwiftPackageReference "SDWebImageSwiftUI" */ = {
			isa = XCRemoteSwiftPackageReference;
			repositoryURL = "https://github.com/SDWebImage/SDWebImageSwiftUI.git";
			requirement = {
				kind = upToNextMajorVersion;
				minimumVersion = 3.1.1;
			};
		};
		17A3B8F92C3EC2770003C087 /* XCRemoteSwiftPackageReference "Kingfisher" */ = {
			isa = XCRemoteSwiftPackageReference;
			repositoryURL = "https://github.com/onevcat/Kingfisher.git";
			requirement = {
				kind = upToNextMajorVersion;
				minimumVersion = 7.12.0;
			};
		};
		17A3B8FF2C3EE5AB0003C087 /* XCRemoteSwiftPackageReference "keychain-swift" */ = {
			isa = XCRemoteSwiftPackageReference;
			repositoryURL = "https://github.com/evgenyneu/keychain-swift.git";
			requirement = {
				kind = upToNextMajorVersion;
				minimumVersion = 24.0.0;
			};
		};
/* End XCRemoteSwiftPackageReference section */

/* Begin XCSwiftPackageProductDependency section */
		17738E612C3F957800093D89 /* SwiftfulUI */ = {
			isa = XCSwiftPackageProductDependency;
			package = 17738E602C3F957800093D89 /* XCRemoteSwiftPackageReference "SwiftfulUI" */;
			productName = SwiftfulUI;
		};
		17738E682C3F9EB200093D89 /* SwiftfulRouting */ = {
			isa = XCSwiftPackageProductDependency;
			package = 17738E672C3F9EB200093D89 /* XCRemoteSwiftPackageReference "SwiftfulRouting" */;
			productName = SwiftfulRouting;
		};
		17738E6B2C3FA28A00093D89 /* Lottie */ = {
			isa = XCSwiftPackageProductDependency;
			package = 17738E6A2C3FA28A00093D89 /* XCRemoteSwiftPackageReference "lottie-ios" */;
			productName = Lottie;
		};
		17A3B8E32C3EAF600003C087 /* SDWebImageSwiftUI */ = {
			isa = XCSwiftPackageProductDependency;
			package = 17A3B8E22C3EAF600003C087 /* XCRemoteSwiftPackageReference "SDWebImageSwiftUI" */;
			productName = SDWebImageSwiftUI;
		};
		17A3B8FA2C3EC2780003C087 /* Kingfisher */ = {
			isa = XCSwiftPackageProductDependency;
			package = 17A3B8F92C3EC2770003C087 /* XCRemoteSwiftPackageReference "Kingfisher" */;
			productName = Kingfisher;
		};
		17A3B9002C3EE5AB0003C087 /* KeychainSwift */ = {
			isa = XCSwiftPackageProductDependency;
			package = 17A3B8FF2C3EE5AB0003C087 /* XCRemoteSwiftPackageReference "keychain-swift" */;
			productName = KeychainSwift;
		};
/* End XCSwiftPackageProductDependency section */
	};
	rootObject = 17A3B8C92C3EAE800003C087 /* Project object */;
}
